PODS:
  - FBSnapshotTestCase (2.1.4):
    - FBSnapshotTestCase/SwiftSupport (= 2.1.4)
  - FBSnapshotTestCase/Core (2.1.4)
  - FBSnapshotTestCase/SwiftSupport (2.1.4):
    - FBSnapshotTestCase/Core
  - Masonry (1.1.0)
  - SFSegmentView (0.1.0):
    - Masonry (~> 1.1.0)

DEPENDENCIES:
  - FBSnapshotTestCase
  - SFSegmentView (from `../`)

SPEC REPOS:
  https://github.com/cocoapods/specs.git:
    - FBSnapshotTestCase
    - Masonry

EXTERNAL SOURCES:
  SFSegmentView:
    :path: "../"

SPEC CHECKSUMS:
  FBSnapshotTestCase: 094f9f314decbabe373b87cc339bea235a63e07a
  Masonry: 678fab65091a9290e40e2832a55e7ab731aad201
  SFSegmentView: 19c939b0c0b0a48ae967be78513edc2e857efe08

PODFILE CHECKSUM: eb15562d11e7b1fa256384d0482c4f7875da7fa9

COCOAPODS: 1.7.0
